
Microsoft Visual Studio Solution File, Format Version 12.00
# Visual Studio Version 17
VisualStudioVersion = 17.5.33516.290
MinimumVisualStudioVersion = 10.0.40219.1
Project("{FAE04EC0-301F-11D3-BF4B-00C04F79EFBC}") = "Manager.API", "Manager.API\Manager.API.csproj", "{E8117795-6471-463A-91D0-5E10BEB62518}"
EndProject
Project("{FAE04EC0-301F-11D3-BF4B-00C04F79EFBC}") = "Manager.Domain", "Manager.Domain\Manager.Domain.csproj", "{5BBB5F59-0FD5-489D-A628-7585BCF21271}"
EndProject
Project("{FAE04EC0-301F-11D3-BF4B-00C04F79EFBC}") = "Manager.Infra", "Manager.Infra\Manager.Infra.csproj", "{0C4FB00E-F147-4541-8D0E-CF3CF0D46D63}"
EndProject
Global
	GlobalSection(SolutionConfigurationPlatforms) = preSolution
		Debug|Any CPU = Debug|Any CPU
		Release|Any CPU = Release|Any CPU
	EndGlobalSection
	GlobalSection(ProjectConfigurationPlatforms) = postSolution
		{E8117795-6471-463A-91D0-5E10BEB62518}.Debug|Any CPU.ActiveCfg = Debug|Any CPU
		{E8117795-6471-463A-91D0-5E10BEB62518}.Debug|Any CPU.Build.0 = Debug|Any CPU
		{E8117795-6471-463A-91D0-5E10BEB62518}.Release|Any CPU.ActiveCfg = Release|Any CPU
		{E8117795-6471-463A-91D0-5E10BEB62518}.Release|Any CPU.Build.0 = Release|Any CPU
		{5BBB5F59-0FD5-489D-A628-7585BCF21271}.Debug|Any CPU.ActiveCfg = Debug|Any CPU
		{5BBB5F59-0FD5-489D-A628-7585BCF21271}.Debug|Any CPU.Build.0 = Debug|Any CPU
		{5BBB5F59-0FD5-489D-A628-7585BCF21271}.Release|Any CPU.ActiveCfg = Release|Any CPU
		{5BBB5F59-0FD5-489D-A628-7585BCF21271}.Release|Any CPU.Build.0 = Release|Any CPU
		{0C4FB00E-F147-4541-8D0E-CF3CF0D46D63}.Debug|Any CPU.ActiveCfg = Debug|Any CPU
		{0C4FB00E-F147-4541-8D0E-CF3CF0D46D63}.Debug|Any CPU.Build.0 = Debug|Any CPU
		{0C4FB00E-F147-4541-8D0E-CF3CF0D46D63}.Release|Any CPU.ActiveCfg = Release|Any CPU
		{0C4FB00E-F147-4541-8D0E-CF3CF0D46D63}.Release|Any CPU.Build.0 = Release|Any CPU
	EndGlobalSection
	GlobalSection(SolutionProperties) = preSolution
		HideSolutionNode = FALSE
	EndGlobalSection
	GlobalSection(ExtensibilityGlobals) = postSolution
		SolutionGuid = {8B6C040E-2764-4A25-8E29-719CEFA3A69B}
	EndGlobalSection
EndGlobal
